
Microsoft Visual Studio Solution File, Format Version 12.00
# Visual Studio 15
VisualStudioVersion = 15.0.26124.0
MinimumVisualStudioVersion = 15.0.26124.0
Project("{2150E333-8FDC-42A3-9474-1A3956D46DE8}") = "Source", "Source", "{51521159-9440-4A74-9F51-70F37AF1EEFF}"
EndProject
Project("{FAE04EC0-301F-11D3-BF4B-00C04F79EFBC}") = "Mate", "Source\Core\Mate.csproj", "{E1E84A5C-4E24-4392-9783-CA39E42654D3}"
EndProject
Project("{2150E333-8FDC-42A3-9474-1A3956D46DE8}") = "Test", "Test", "{6005E0E7-3EE8-4A36-8995-73C07847F787}"
EndProject
Project("{FAE04EC0-301F-11D3-BF4B-00C04F79EFBC}") = "Core", "Test\Core\Core.csproj", "{C6354073-978E-4C70-A29D-B8E07EFCB74F}"
EndProject
Global
	GlobalSection(SolutionConfigurationPlatforms) = preSolution
		Debug|Any CPU = Debug|Any CPU
		Debug|x64 = Debug|x64
		Debug|x86 = Debug|x86
		Release|Any CPU = Release|Any CPU
		Release|x64 = Release|x64
		Release|x86 = Release|x86
	EndGlobalSection
	GlobalSection(SolutionProperties) = preSolution
		HideSolutionNode = FALSE
	EndGlobalSection
	GlobalSection(ProjectConfigurationPlatforms) = postSolution
		{E1E84A5C-4E24-4392-9783-CA39E42654D3}.Debug|Any CPU.ActiveCfg = Debug|Any CPU
		{E1E84A5C-4E24-4392-9783-CA39E42654D3}.Debug|Any CPU.Build.0 = Debug|Any CPU
		{E1E84A5C-4E24-4392-9783-CA39E42654D3}.Debug|x64.ActiveCfg = Debug|Any CPU
		{E1E84A5C-4E24-4392-9783-CA39E42654D3}.Debug|x64.Build.0 = Debug|Any CPU
		{E1E84A5C-4E24-4392-9783-CA39E42654D3}.Debug|x86.ActiveCfg = Debug|Any CPU
		{E1E84A5C-4E24-4392-9783-CA39E42654D3}.Debug|x86.Build.0 = Debug|Any CPU
		{E1E84A5C-4E24-4392-9783-CA39E42654D3}.Release|Any CPU.ActiveCfg = Release|Any CPU
		{E1E84A5C-4E24-4392-9783-CA39E42654D3}.Release|Any CPU.Build.0 = Release|Any CPU
		{E1E84A5C-4E24-4392-9783-CA39E42654D3}.Release|x64.ActiveCfg = Release|Any CPU
		{E1E84A5C-4E24-4392-9783-CA39E42654D3}.Release|x64.Build.0 = Release|Any CPU
		{E1E84A5C-4E24-4392-9783-CA39E42654D3}.Release|x86.ActiveCfg = Release|Any CPU
		{E1E84A5C-4E24-4392-9783-CA39E42654D3}.Release|x86.Build.0 = Release|Any CPU
		{C6354073-978E-4C70-A29D-B8E07EFCB74F}.Debug|Any CPU.ActiveCfg = Debug|Any CPU
		{C6354073-978E-4C70-A29D-B8E07EFCB74F}.Debug|Any CPU.Build.0 = Debug|Any CPU
		{C6354073-978E-4C70-A29D-B8E07EFCB74F}.Debug|x64.ActiveCfg = Debug|Any CPU
		{C6354073-978E-4C70-A29D-B8E07EFCB74F}.Debug|x64.Build.0 = Debug|Any CPU
		{C6354073-978E-4C70-A29D-B8E07EFCB74F}.Debug|x86.ActiveCfg = Debug|Any CPU
		{C6354073-978E-4C70-A29D-B8E07EFCB74F}.Debug|x86.Build.0 = Debug|Any CPU
		{C6354073-978E-4C70-A29D-B8E07EFCB74F}.Release|Any CPU.ActiveCfg = Release|Any CPU
		{C6354073-978E-4C70-A29D-B8E07EFCB74F}.Release|Any CPU.Build.0 = Release|Any CPU
		{C6354073-978E-4C70-A29D-B8E07EFCB74F}.Release|x64.ActiveCfg = Release|Any CPU
		{C6354073-978E-4C70-A29D-B8E07EFCB74F}.Release|x64.Build.0 = Release|Any CPU
		{C6354073-978E-4C70-A29D-B8E07EFCB74F}.Release|x86.ActiveCfg = Release|Any CPU
		{C6354073-978E-4C70-A29D-B8E07EFCB74F}.Release|x86.Build.0 = Release|Any CPU
	EndGlobalSection
	GlobalSection(NestedProjects) = preSolution
		{E1E84A5C-4E24-4392-9783-CA39E42654D3} = {51521159-9440-4A74-9F51-70F37AF1EEFF}
		{C6354073-978E-4C70-A29D-B8E07EFCB74F} = {6005E0E7-3EE8-4A36-8995-73C07847F787}
	EndGlobalSection
EndGlobal
